// !$*UTF8*$!
{
	archiveVersion = 1;
	classes = {
	};
	objectVersion = 50;
	objects = {

/* Begin PBXBuildFile section */
		63B126B822D39F5D00B5F6F5 /* AppDelegate.m in Sources */ = {isa = PBXBuildFile; fileRef = 63B126B722D39F5D00B5F6F5 /* AppDelegate.m */; };
		63B126BB22D39F5D00B5F6F5 /* ViewController.m in Sources */ = {isa = PBXBuildFile; fileRef = 63B126BA22D39F5D00B5F6F5 /* ViewController.m */; };
		63B126BE22D39F5D00B5F6F5 /* Main.storyboard in Resources */ = {isa = PBXBuildFile; fileRef = 63B126BC22D39F5D00B5F6F5 /* Main.storyboard */; };
		63B126C022D39F5F00B5F6F5 /* Assets.xcassets in Resources */ = {isa = PBXBuildFile; fileRef = 63B126BF22D39F5F00B5F6F5 /* Assets.xcassets */; };
		63B126C322D39F5F00B5F6F5 /* LaunchScreen.storyboard in Resources */ = {isa = PBXBuildFile; fileRef = 63B126C122D39F5F00B5F6F5 /* LaunchScreen.storyboard */; };
		63B126C622D39F5F00B5F6F5 /* main.m in Sources */ = {isa = PBXBuildFile; fileRef = 63B126C522D39F5F00B5F6F5 /* main.m */; };
		63B9369B22D3BDEA008CD5BE /* CoreBluetooth.framework in Frameworks */ = {isa = PBXBuildFile; fileRef = 63B126DF22D3B4F300B5F6F5 /* CoreBluetooth.framework */; };
		63B9371D22D3CA13008CD5BE /* libNZSIMCore.a in Frameworks */ = {isa = PBXBuildFile; fileRef = 63B9371722D3CA13008CD5BE /* libNZSIMCore.a */; };
		63B9371E22D3CA13008CD5BE /* libNZIKey.a in Frameworks */ = {isa = PBXBuildFile; fileRef = 63B9371B22D3CA13008CD5BE /* libNZIKey.a */; };
/* End PBXBuildFile section */

/* Begin PBXFileReference section */
		63B126B322D39F5D00B5F6F5 /* MyDemo.app */ = {isa = PBXFileReference; explicitFileType = wrapper.application; includeInIndex = 0; path = MyDemo.app; sourceTree = BUILT_PRODUCTS_DIR; };
		63B126B622D39F5D00B5F6F5 /* AppDelegate.h */ = {isa = PBXFileReference; lastKnownFileType = sourcecode.c.h; path = AppDelegate.h; sourceTree = "<group>"; };
		63B126B722D39F5D00B5F6F5 /* AppDelegate.m */ = {isa = PBXFileReference; lastKnownFileType = sourcecode.c.objc; path = AppDelegate.m; sourceTree = "<group>"; };
		63B126B922D39F5D00B5F6F5 /* ViewController.h */ = {isa = PBXFileReference; lastKnownFileType = sourcecode.c.h; path = ViewController.h; sourceTree = "<group>"; };
		63B126BA22D39F5D00B5F6F5 /* ViewController.m */ = {isa = PBXFileReference; lastKnownFileType = sourcecode.c.objc; path = ViewController.m; sourceTree = "<group>"; };
		63B126BD22D39F5D00B5F6F5 /* Base */ = {isa = PBXFileReference; lastKnownFileType = file.storyboard; name = Base; path = Base.lproj/Main.storyboard; sourceTree = "<group>"; };
		63B126BF22D39F5F00B5F6F5 /* Assets.xcassets */ = {isa = PBXFileReference; lastKnownFileType = folder.assetcatalog; path = Assets.xcassets; sourceTree = "<group>"; };
		63B126C222D39F5F00B5F6F5 /* Base */ = {isa = PBXFileReference; lastKnownFileType = file.storyboard; name = Base; path = Base.lproj/LaunchScreen.storyboard; sourceTree = "<group>"; };
		63B126C422D39F5F00B5F6F5 /* Info.plist */ = {isa = PBXFileReference; lastKnownFileType = text.plist.xml; path = Info.plist; sourceTree = "<group>"; };
		63B126C522D39F5F00B5F6F5 /* main.m */ = {isa = PBXFileReference; lastKnownFileType = sourcecode.c.objc; path = main.m; sourceTree = "<group>"; };
		63B126DF22D3B4F300B5F6F5 /* CoreBluetooth.framework */ = {isa = PBXFileReference; lastKnownFileType = wrapper.framework; name = CoreBluetooth.framework; path = System/Library/Frameworks/CoreBluetooth.framework; sourceTree = SDKROOT; };
		63B9369D22D3BDFA008CD5BE /* PublicConfig.h */ = {isa = PBXFileReference; lastKnownFileType = sourcecode.c.h; path = PublicConfig.h; sourceTree = "<group>"; };
		63B9369E22D3BDFA008CD5BE /* libNZIKey.a */ = {isa = PBXFileReference; lastKnownFileType = archive.ar; path = libNZIKey.a; sourceTree = "<group>"; };
		63B9369F22D3BDFA008CD5BE /* NZIKey.h */ = {isa = PBXFileReference; lastKnownFileType = sourcecode.c.h; path = NZIKey.h; sourceTree = "<group>"; };
		63B936A122D3BDFA008CD5BE /* libNZSIMCore.a */ = {isa = PBXFileReference; lastKnownFileType = archive.ar; path = libNZSIMCore.a; sourceTree = "<group>"; };
		63B936A222D3BDFA008CD5BE /* NZSIMSDK.h */ = {isa = PBXFileReference; lastKnownFileType = sourcecode.c.h; path = NZSIMSDK.h; sourceTree = "<group>"; };
		63B9371722D3CA13008CD5BE /* libNZSIMCore.a */ = {isa = PBXFileReference; lastKnownFileType = archive.ar; path = libNZSIMCore.a; sourceTree = "<group>"; };
		63B9371822D3CA13008CD5BE /* NZSIMSDK.h */ = {isa = PBXFileReference; fileEncoding = 4; lastKnownFileType = sourcecode.c.h; path = NZSIMSDK.h; sourceTree = "<group>"; };
		63B9371A22D3CA13008CD5BE /* PublicConfig.h */ = {isa = PBXFileReference; fileEncoding = 4; lastKnownFileType = sourcecode.c.h; path = PublicConfig.h; sourceTree = "<group>"; };
		63B9371B22D3CA13008CD5BE /* libNZIKey.a */ = {isa = PBXFileReference; lastKnownFileType = archive.ar; path = libNZIKey.a; sourceTree = "<group>"; };
		63B9371C22D3CA13008CD5BE /* NZIKey.h */ = {isa = PBXFileReference; fileEncoding = 4; lastKnownFileType = sourcecode.c.h; path = NZIKey.h; sourceTree = "<group>"; };
/* End PBXFileReference section */

/* Begin PBXFrameworksBuildPhase section */
		63B126B022D39F5D00B5F6F5 /* Frameworks */ = {
			isa = PBXFrameworksBuildPhase;
			buildActionMask = 2147483647;
			files = (
				63B9371E22D3CA13008CD5BE /* libNZIKey.a in Frameworks */,
				63B9371D22D3CA13008CD5BE /* libNZSIMCore.a in Frameworks */,
				63B9369B22D3BDEA008CD5BE /* CoreBluetooth.framework in Frameworks */,
			);
			runOnlyForDeploymentPostprocessing = 0;
		};
/* End PBXFrameworksBuildPhase section */

/* Begin PBXGroup section */
		63B126AA22D39F5D00B5F6F5 = {
			isa = PBXGroup;
			children = (
				63B126B522D39F5D00B5F6F5 /* MyDemo */,
				63B126B422D39F5D00B5F6F5 /* Products */,
				63B126DE22D3B4F200B5F6F5 /* Frameworks */,
			);
			sourceTree = "<group>";
		};
		63B126B422D39F5D00B5F6F5 /* Products */ = {
			isa = PBXGroup;
			children = (
				63B126B322D39F5D00B5F6F5 /* MyDemo.app */,
			);
			name = Products;
			sourceTree = "<group>";
		};
		63B126B522D39F5D00B5F6F5 /* MyDemo */ = {
			isa = PBXGroup;
			children = (
				63B9371522D3CA13008CD5BE /* lib */,
				63B126B622D39F5D00B5F6F5 /* AppDelegate.h */,
				63B126B722D39F5D00B5F6F5 /* AppDelegate.m */,
				63B126B922D39F5D00B5F6F5 /* ViewController.h */,
				63B126BA22D39F5D00B5F6F5 /* ViewController.m */,
				63B126BC22D39F5D00B5F6F5 /* Main.storyboard */,
				63B126BF22D39F5F00B5F6F5 /* Assets.xcassets */,
				63B126C122D39F5F00B5F6F5 /* LaunchScreen.storyboard */,
				63B126C422D39F5F00B5F6F5 /* Info.plist */,
				63B126C522D39F5F00B5F6F5 /* main.m */,
			);
			path = MyDemo;
			sourceTree = "<group>";
		};
		63B126DE22D3B4F200B5F6F5 /* Frameworks */ = {
			isa = PBXGroup;
			children = (
				63B9369C22D3BDFA008CD5BE /* NZIKeySDK */,
				63B936A022D3BDFA008CD5BE /* NZSIMSDK */,
				63B126DF22D3B4F300B5F6F5 /* CoreBluetooth.framework */,
			);
			name = Frameworks;
			sourceTree = "<group>";
		};
		63B9369C22D3BDFA008CD5BE /* NZIKeySDK */ = {
			isa = PBXGroup;
			children = (
				63B9369D22D3BDFA008CD5BE /* PublicConfig.h */,
				63B9369E22D3BDFA008CD5BE /* libNZIKey.a */,
				63B9369F22D3BDFA008CD5BE /* NZIKey.h */,
			);
			name = NZIKeySDK;
			path = MyDemo/lib/NZIKeySDK;
			sourceTree = "<group>";
		};
		63B936A022D3BDFA008CD5BE /* NZSIMSDK */ = {
			isa = PBXGroup;
			children = (
				63B936A122D3BDFA008CD5BE /* libNZSIMCore.a */,
				63B936A222D3BDFA008CD5BE /* NZSIMSDK.h */,
			);
			name = NZSIMSDK;
			path = MyDemo/lib/NZSIMSDK;
			sourceTree = "<group>";
		};
		63B9371522D3CA13008CD5BE /* lib */ = {
			isa = PBXGroup;
			children = (
				63B9371622D3CA13008CD5BE /* NZSIMSDK */,
				63B9371922D3CA13008CD5BE /* NZIKeySDK */,
			);
			path = lib;
			sourceTree = "<group>";
		};
		63B9371622D3CA13008CD5BE /* NZSIMSDK */ = {
			isa = PBXGroup;
			children = (
				63B9371722D3CA13008CD5BE /* libNZSIMCore.a */,
				63B9371822D3CA13008CD5BE /* NZSIMSDK.h */,
			);
			path = NZSIMSDK;
			sourceTree = "<group>";
		};
		63B9371922D3CA13008CD5BE /* NZIKeySDK */ = {
			isa = PBXGroup;
			children = (
				63B9371A22D3CA13008CD5BE /* PublicConfig.h */,
				63B9371B22D3CA13008CD5BE /* libNZIKey.a */,
				63B9371C22D3CA13008CD5BE /* NZIKey.h */,
			);
			path = NZIKeySDK;
			sourceTree = "<group>";
		};
/* End PBXGroup section */

/* Begin PBXNativeTarget section */
		63B126B222D39F5D00B5F6F5 /* MyDemo */ = {
			isa = PBXNativeTarget;
			buildConfigurationList = 63B126C922D39F5F00B5F6F5 /* Build configuration list for PBXNativeTarget "MyDemo" */;
			buildPhases = (
				63B126AF22D39F5D00B5F6F5 /* Sources */,
				63B126B022D39F5D00B5F6F5 /* Frameworks */,
				63B126B122D39F5D00B5F6F5 /* Resources */,
			);
			buildRules = (
			);
			dependencies = (
			);
			name = MyDemo;
			productName = MyDemo;
			productReference = 63B126B322D39F5D00B5F6F5 /* MyDemo.app */;
			productType = "com.apple.product-type.application";
		};
/* End PBXNativeTarget section */

/* Begin PBXProject section */
		63B126AB22D39F5D00B5F6F5 /* Project object */ = {
			isa = PBXProject;
			attributes = {
				LastUpgradeCheck = 1020;
				ORGANIZATIONNAME = hzf;
				TargetAttributes = {
					63B126B222D39F5D00B5F6F5 = {
						CreatedOnToolsVersion = 10.2.1;
					};
				};
			};
			buildConfigurationList = 63B126AE22D39F5D00B5F6F5 /* Build configuration list for PBXProject "MyDemo" */;
			compatibilityVersion = "Xcode 9.3";
			developmentRegion = en;
			hasScannedForEncodings = 0;
			knownRegions = (
				en,
				Base,
			);
			mainGroup = 63B126AA22D39F5D00B5F6F5;
			productRefGroup = 63B126B422D39F5D00B5F6F5 /* Products */;
			projectDirPath = "";
			projectRoot = "";
			targets = (
				63B126B222D39F5D00B5F6F5 /* MyDemo */,
			);
		};
/* End PBXProject section */

/* Begin PBXResourcesBuildPhase section */
		63B126B122D39F5D00B5F6F5 /* Resources */ = {
			isa = PBXResourcesBuildPhase;
			buildActionMask = 2147483647;
			files = (
				63B126C322D39F5F00B5F6F5 /* LaunchScreen.storyboard in Resources */,
				63B126C022D39F5F00B5F6F5 /* Assets.xcassets in Resources */,
				63B126BE22D39F5D00B5F6F5 /* Main.storyboard in Resources */,
			);
			runOnlyForDeploymentPostprocessing = 0;
		};
/* End PBXResourcesBuildPhase section */

/* Begin PBXSourcesBuildPhase section */
		63B126AF22D39F5D00B5F6F5 /* Sources */ = {
			isa = PBXSourcesBuildPhase;
			buildActionMask = 2147483647;
			files = (
				63B126BB22D39F5D00B5F6F5 /* ViewController.m in Sources */,
				63B126C622D39F5F00B5F6F5 /* main.m in Sources */,
				63B126B822D39F5D00B5F6F5 /* AppDelegate.m in Sources */,
			);
			runOnlyForDeploymentPostprocessing = 0;
		};
/* End PBXSourcesBuildPhase section */

/* Begin PBXVariantGroup section */
		63B126BC22D39F5D00B5F6F5 /* Main.storyboard */ = {
			isa = PBXVariantGroup;
			children = (
				63B126BD22D39F5D00B5F6F5 /* Base */,
			);
			name = Main.storyboard;
			sourceTree = "<group>";
		};
		63B126C122D39F5F00B5F6F5 /* LaunchScreen.storyboard */ = {
			isa = PBXVariantGroup;
			children = (
				63B126C222D39F5F00B5F6F5 /* Base */,
			);
			name = LaunchScreen.storyboard;
			sourceTree = "<group>";
		};
/* End PBXVariantGroup section */

/* Begin XCBuildConfiguration section */
		63B126C722D39F5F00B5F6F5 /* Debug */ = {
			isa = XCBuildConfiguration;
			buildSettings = {
				ALWAYS_SEARCH_USER_PATHS = NO;
				CLANG_ANALYZER_NONNULL = YES;
				CLANG_ANALYZER_NUMBER_OBJECT_CONVERSION = YES_AGGRESSIVE;
				CLANG_CXX_LANGUAGE_STANDARD = "gnu++14";
				CLANG_CXX_LIBRARY = "libc++";
				CLANG_ENABLE_MODULES = YES;
				CLANG_ENABLE_OBJC_ARC = YES;
				CLANG_ENABLE_OBJC_WEAK = YES;
				CLANG_WARN_BLOCK_CAPTURE_AUTORELEASING = YES;
				CLANG_WARN_BOOL_CONVERSION = YES;
				CLANG_WARN_COMMA = YES;
				CLANG_WARN_CONSTANT_CONVERSION = YES;
				CLANG_WARN_DEPRECATED_OBJC_IMPLEMENTATIONS = YES;
				CLANG_WARN_DIRECT_OBJC_ISA_USAGE = YES_ERROR;
				CLANG_WARN_DOCUMENTATION_COMMENTS = YES;
				CLANG_WARN_EMPTY_BODY = YES;
				CLANG_WARN_ENUM_CONVERSION = YES;
				CLANG_WARN_INFINITE_RECURSION = YES;
				CLANG_WARN_INT_CONVERSION = YES;
				CLANG_WARN_NON_LITERAL_NULL_CONVERSION = YES;
				CLANG_WARN_OBJC_IMPLICIT_RETAIN_SELF = YES;
				CLANG_WARN_OBJC_LITERAL_CONVERSION = YES;
				CLANG_WARN_OBJC_ROOT_CLASS = YES_ERROR;
				CLANG_WARN_RANGE_LOOP_ANALYSIS = YES;
				CLANG_WARN_STRICT_PROTOTYPES = YES;
				CLANG_WARN_SUSPICIOUS_MOVE = YES;
				CLANG_WARN_UNGUARDED_AVAILABILITY = YES_AGGRESSIVE;
				CLANG_WARN_UNREACHABLE_CODE = YES;
				CLANG_WARN__DUPLICATE_METHOD_MATCH = YES;
				CODE_SIGN_IDENTITY = "iPhone Developer";
				COPY_PHASE_STRIP = NO;
				DEBUG_INFORMATION_FORMAT = dwarf;
				ENABLE_STRICT_OBJC_MSGSEND = YES;
				ENABLE_TESTABILITY = YES;
				GCC_C_LANGUAGE_STANDARD = gnu11;
				GCC_DYNAMIC_NO_PIC = NO;
				GCC_NO_COMMON_BLOCKS = YES;
				GCC_OPTIMIZATION_LEVEL = 0;
				GCC_PREPROCESSOR_DEFINITIONS = (
					"DEBUG=1",
					"$(inherited)",
				);
				GCC_WARN_64_TO_32_BIT_CONVERSION = YES;
				GCC_WARN_ABOUT_RETURN_TYPE = YES_ERROR;
				GCC_WARN_UNDECLARED_SELECTOR = YES;
				GCC_WARN_UNINITIALIZED_AUTOS = YES_AGGRESSIVE;
				GCC_WARN_UNUSED_FUNCTION = YES;
				GCC_WARN_UNUSED_VARIABLE = YES;
				IPHONEOS_DEPLOYMENT_TARGET = 12.2;
				MTL_ENABLE_DEBUG_INFO = INCLUDE_SOURCE;
				MTL_FAST_MATH = YES;
				ONLY_ACTIVE_ARCH = YES;
				SDKROOT = iphoneos;
			};
			name = Debug;
		};
		63B126C822D39F5F00B5F6F5 /* Release */ = {
			isa = XCBuildConfiguration;
			buildSettings = {
				ALWAYS_SEARCH_USER_PATHS = NO;
				CLANG_ANALYZER_NONNULL = YES;
				CLANG_ANALYZER_NUMBER_OBJECT_CONVERSION = YES_AGGRESSIVE;
				CLANG_CXX_LANGUAGE_STANDARD = "gnu++14";
				CLANG_CXX_LIBRARY = "libc++";
				CLANG_ENABLE_MODULES = YES;
				CLANG_ENABLE_OBJC_ARC = YES;
				CLANG_ENABLE_OBJC_WEAK = YES;
				CLANG_WARN_BLOCK_CAPTURE_AUTORELEASING = YES;
				CLANG_WARN_BOOL_CONVERSION = YES;
				CLANG_WARN_COMMA = YES;
				CLANG_WARN_CONSTANT_CONVERSION = YES;
				CLANG_WARN_DEPRECATED_OBJC_IMPLEMENTATIONS = YES;
				CLANG_WARN_DIRECT_OBJC_ISA_USAGE = YES_ERROR;
				CLANG_WARN_DOCUMENTATION_COMMENTS = YES;
				CLANG_WARN_EMPTY_BODY = YES;
				CLANG_WARN_ENUM_CONVERSION = YES;
				CLANG_WARN_INFINITE_RECURSION = YES;
				CLANG_WARN_INT_CONVERSION = YES;
				CLANG_WARN_NON_LITERAL_NULL_CONVERSION = YES;
				CLANG_WARN_OBJC_IMPLICIT_RETAIN_SELF = YES;
				CLANG_WARN_OBJC_LITERAL_CONVERSION = YES;
				CLANG_WARN_OBJC_ROOT_CLASS = YES_ERROR;
				CLANG_WARN_RANGE_LOOP_ANALYSIS = YES;
				CLANG_WARN_STRICT_PROTOTYPES = YES;
				CLANG_WARN_SUSPICIOUS_MOVE = YES;
				CLANG_WARN_UNGUARDED_AVAILABILITY = YES_AGGRESSIVE;
				CLANG_WARN_UNREACHABLE_CODE = YES;
				CLANG_WARN__DUPLICATE_METHOD_MATCH = YES;
				CODE_SIGN_IDENTITY = "iPhone Developer";
				COPY_PHASE_STRIP = NO;
				DEBUG_INFORMATION_FORMAT = "dwarf-with-dsym";
				ENABLE_NS_ASSERTIONS = NO;
				ENABLE_STRICT_OBJC_MSGSEND = YES;
				GCC_C_LANGUAGE_STANDARD = gnu11;
				GCC_NO_COMMON_BLOCKS = YES;
				GCC_WARN_64_TO_32_BIT_CONVERSION = YES;
				GCC_WARN_ABOUT_RETURN_TYPE = YES_ERROR;
				GCC_WARN_UNDECLARED_SELECTOR = YES;
				GCC_WARN_UNINITIALIZED_AUTOS = YES_AGGRESSIVE;
				GCC_WARN_UNUSED_FUNCTION = YES;
				GCC_WARN_UNUSED_VARIABLE = YES;
				IPHONEOS_DEPLOYMENT_TARGET = 12.2;
				MTL_ENABLE_DEBUG_INFO = NO;
				MTL_FAST_MATH = YES;
				SDKROOT = iphoneos;
				VALIDATE_PRODUCT = YES;
			};
			name = Release;
		};
		63B126CA22D39F5F00B5F6F5 /* Debug */ = {
			isa = XCBuildConfiguration;
			buildSettings = {
				ASSETCATALOG_COMPILER_APPICON_NAME = AppIcon;
				CODE_SIGN_STYLE = Automatic;
				DEVELOPMENT_TEAM = DFA49BS56C;
				ENABLE_BITCODE = NO;
				INFOPLIST_FILE = MyDemo/Info.plist;
				IPHONEOS_DEPLOYMENT_TARGET = 9.0;
				LD_RUNPATH_SEARCH_PATHS = (
					"$(inherited)",
					"@executable_path/Frameworks",
				);
				LIBRARY_SEARCH_PATHS = (
					"$(inherited)",
					"$(PROJECT_DIR)/MyDemo/lib/NZIKeySDK",
					"$(PROJECT_DIR)/MyDemo/lib/NZSIMSDK",
				);
				PRODUCT_BUNDLE_IDENTIFIER = cn.hzf.APP.MyDemo;
				PRODUCT_NAME = "$(TARGET_NAME)";
				TARGETED_DEVICE_FAMILY = "1,2";
			};
			name = Debug;
		};
		63B126CB22D39F5F00B5F6F5 /* Release */ = {
			isa = XCBuildConfiguration;
			buildSettings = {
				ASSETCATALOG_COMPILER_APPICON_NAME = AppIcon;
				CODE_SIGN_STYLE = Automatic;
				DEVELOPMENT_TEAM = DFA49BS56C;
				ENABLE_BITCODE = NO;
				INFOPLIST_FILE = MyDemo/Info.plist;
				IPHONEOS_DEPLOYMENT_TARGET = 9.0;
				LD_RUNPATH_SEARCH_PATHS = (
					"$(inherited)",
					"@executable_path/Frameworks",
				);
				LIBRARY_SEARCH_PATHS = (
					"$(inherited)",
					"$(PROJECT_DIR)/MyDemo/lib/NZIKeySDK",
					"$(PROJECT_DIR)/MyDemo/lib/NZSIMSDK",
				);
				PRODUCT_BUNDLE_IDENTIFIER = cn.hzf.APP.MyDemo;
				PRODUCT_NAME = "$(TARGET_NAME)";
				TARGETED_DEVICE_FAMILY = "1,2";
			};
			name = Release;
		};
/* End XCBuildConfiguration section */

/* Begin XCConfigurationList section */
		63B126AE22D39F5D00B5F6F5 /* Build configuration list for PBXProject "MyDemo" */ = {
			isa = XCConfigurationList;
			buildConfigurations = (
				63B126C722D39F5F00B5F6F5 /* Debug */,
				63B126C822D39F5F00B5F6F5 /* Release */,
			);
			defaultConfigurationIsVisible = 0;
			defaultConfigurationName = Release;
		};
		63B126C922D39F5F00B5F6F5 /* Build configuration list for PBXNativeTarget "MyDemo" */ = {
			isa = XCConfigurationList;
			buildConfigurations = (
				63B126CA22D39F5F00B5F6F5 /* Debug */,
				63B126CB22D39F5F00B5F6F5 /* Release */,
			);
			defaultConfigurationIsVisible = 0;
			defaultConfigurationName = Release;
		};
/* End XCConfigurationList section */
	};
	rootObject = 63B126AB22D39F5D00B5F6F5 /* Project object */;
}
